// !$*UTF8*$!
{
	archiveVersion = 1;
	classes = {
	};
	objectVersion = 50;
	objects = {

/* Begin PBXBuildFile section */
		2E4C424D8D0BD4ABA486D72A /* Pods_FreshFishStore.framework in Frameworks */ = {isa = PBXBuildFile; fileRef = AB09D973903D1EA2238B23B3 /* Pods_FreshFishStore.framework */; };
		7E91C60A2191A923000B579D /* AppDelegate.swift in Sources */ = {isa = PBXBuildFile; fileRef = 7E91C6092191A923000B579D /* AppDelegate.swift */; };
		7E91C60C2191A923000B579D /* HomeViewController.swift in Sources */ = {isa = PBXBuildFile; fileRef = 7E91C60B2191A923000B579D /* HomeViewController.swift */; };
		7E91C60F2191A923000B579D /* Main.storyboard in Resources */ = {isa = PBXBuildFile; fileRef = 7E91C60D2191A923000B579D /* Main.storyboard */; };
		7E91C6142191A924000B579D /* Assets.xcassets in Resources */ = {isa = PBXBuildFile; fileRef = 7E91C6132191A924000B579D /* Assets.xcassets */; };
		7E91C6172191A924000B579D /* LaunchScreen.storyboard in Resources */ = {isa = PBXBuildFile; fileRef = 7E91C6152191A924000B579D /* LaunchScreen.storyboard */; };
		7E91C6222191AC38000B579D /* SliderCell.swift in Sources */ = {isa = PBXBuildFile; fileRef = 7E91C6212191AC38000B579D /* SliderCell.swift */; };
		7E91C6252191AD1A000B579D /* UIView.swift in Sources */ = {isa = PBXBuildFile; fileRef = 7E91C6242191AD1A000B579D /* UIView.swift */; };
		7E91C6272191BA57000B579D /* HomeViewController+CV.swift in Sources */ = {isa = PBXBuildFile; fileRef = 7E91C6262191BA57000B579D /* HomeViewController+CV.swift */; };
		7E91C62A2191C480000B579D /* ApiService.swift in Sources */ = {isa = PBXBuildFile; fileRef = 7E91C6292191C480000B579D /* ApiService.swift */; };
		7E91C62C2191C4A2000B579D /* Fish.swift in Sources */ = {isa = PBXBuildFile; fileRef = 7E91C62B2191C4A2000B579D /* Fish.swift */; };
		7E91C62E2191D6EE000B579D /* FishViewController.swift in Sources */ = {isa = PBXBuildFile; fileRef = 7E91C62D2191D6EE000B579D /* FishViewController.swift */; };
		7E91C6322191D7DD000B579D /* FishCell.swift in Sources */ = {isa = PBXBuildFile; fileRef = 7E91C6312191D7DD000B579D /* FishCell.swift */; };
		7E91C6342192302F000B579D /* Bill.swift in Sources */ = {isa = PBXBuildFile; fileRef = 7E91C6332192302F000B579D /* Bill.swift */; };
		7E91C63721923107000B579D /* AddProduct.swift in Sources */ = {isa = PBXBuildFile; fileRef = 7E91C63621923107000B579D /* AddProduct.swift */; };
		7E91C63A21926467000B579D /* BillViewer.swift in Sources */ = {isa = PBXBuildFile; fileRef = 7E91C63921926467000B579D /* BillViewer.swift */; };
		7E91C63C21926712000B579D /* BillCell.swift in Sources */ = {isa = PBXBuildFile; fileRef = 7E91C63B21926712000B579D /* BillCell.swift */; };
/* End PBXBuildFile section */

/* Begin PBXFileReference section */
		2B7B6E782C655375C0F7BF3C /* Pods-FreshFishStore.release.xcconfig */ = {isa = PBXFileReference; includeInIndex = 1; lastKnownFileType = text.xcconfig; name = "Pods-FreshFishStore.release.xcconfig"; path = "Pods/Target Support Files/Pods-FreshFishStore/Pods-FreshFishStore.release.xcconfig"; sourceTree = "<group>"; };
		7E91C6062191A923000B579D /* FreshFishStore.app */ = {isa = PBXFileReference; explicitFileType = wrapper.application; includeInIndex = 0; path = FreshFishStore.app; sourceTree = BUILT_PRODUCTS_DIR; };
		7E91C6092191A923000B579D /* AppDelegate.swift */ = {isa = PBXFileReference; lastKnownFileType = sourcecode.swift; path = AppDelegate.swift; sourceTree = "<group>"; };
		7E91C60B2191A923000B579D /* HomeViewController.swift */ = {isa = PBXFileReference; lastKnownFileType = sourcecode.swift; path = HomeViewController.swift; sourceTree = "<group>"; };
		7E91C60E2191A923000B579D /* Base */ = {isa = PBXFileReference; lastKnownFileType = file.storyboard; name = Base; path = Base.lproj/Main.storyboard; sourceTree = "<group>"; };
		7E91C6132191A924000B579D /* Assets.xcassets */ = {isa = PBXFileReference; lastKnownFileType = folder.assetcatalog; path = Assets.xcassets; sourceTree = "<group>"; };
		7E91C6162191A924000B579D /* Base */ = {isa = PBXFileReference; lastKnownFileType = file.storyboard; name = Base; path = Base.lproj/LaunchScreen.storyboard; sourceTree = "<group>"; };
		7E91C6182191A924000B579D /* Info.plist */ = {isa = PBXFileReference; lastKnownFileType = text.plist.xml; path = Info.plist; sourceTree = "<group>"; };
		7E91C6212191AC38000B579D /* SliderCell.swift */ = {isa = PBXFileReference; lastKnownFileType = sourcecode.swift; path = SliderCell.swift; sourceTree = "<group>"; };
		7E91C6242191AD1A000B579D /* UIView.swift */ = {isa = PBXFileReference; lastKnownFileType = sourcecode.swift; path = UIView.swift; sourceTree = "<group>"; };
		7E91C6262191BA57000B579D /* HomeViewController+CV.swift */ = {isa = PBXFileReference; lastKnownFileType = sourcecode.swift; path = "HomeViewController+CV.swift"; sourceTree = "<group>"; };
		7E91C6292191C480000B579D /* ApiService.swift */ = {isa = PBXFileReference; lastKnownFileType = sourcecode.swift; path = ApiService.swift; sourceTree = "<group>"; };
		7E91C62B2191C4A2000B579D /* Fish.swift */ = {isa = PBXFileReference; lastKnownFileType = sourcecode.swift; path = Fish.swift; sourceTree = "<group>"; };
		7E91C62D2191D6EE000B579D /* FishViewController.swift */ = {isa = PBXFileReference; lastKnownFileType = sourcecode.swift; path = FishViewController.swift; sourceTree = "<group>"; };
		7E91C6312191D7DD000B579D /* FishCell.swift */ = {isa = PBXFileReference; lastKnownFileType = sourcecode.swift; path = FishCell.swift; sourceTree = "<group>"; };
		7E91C6332192302F000B579D /* Bill.swift */ = {isa = PBXFileReference; lastKnownFileType = sourcecode.swift; path = Bill.swift; sourceTree = "<group>"; };
		7E91C63621923107000B579D /* AddProduct.swift */ = {isa = PBXFileReference; lastKnownFileType = sourcecode.swift; path = AddProduct.swift; sourceTree = "<group>"; };
		7E91C63921926467000B579D /* BillViewer.swift */ = {isa = PBXFileReference; lastKnownFileType = sourcecode.swift; path = BillViewer.swift; sourceTree = "<group>"; };
		7E91C63B21926712000B579D /* BillCell.swift */ = {isa = PBXFileReference; lastKnownFileType = sourcecode.swift; path = BillCell.swift; sourceTree = "<group>"; };
		A57896E17F7137EDCC9ADDFA /* Pods-FreshFishStore.debug.xcconfig */ = {isa = PBXFileReference; includeInIndex = 1; lastKnownFileType = text.xcconfig; name = "Pods-FreshFishStore.debug.xcconfig"; path = "Pods/Target Support Files/Pods-FreshFishStore/Pods-FreshFishStore.debug.xcconfig"; sourceTree = "<group>"; };
		AB09D973903D1EA2238B23B3 /* Pods_FreshFishStore.framework */ = {isa = PBXFileReference; explicitFileType = wrapper.framework; includeInIndex = 0; path = Pods_FreshFishStore.framework; sourceTree = BUILT_PRODUCTS_DIR; };
/* End PBXFileReference section */

/* Begin PBXFrameworksBuildPhase section */
		7E91C6032191A923000B579D /* Frameworks */ = {
			isa = PBXFrameworksBuildPhase;
			buildActionMask = 2147483647;
			files = (
				2E4C424D8D0BD4ABA486D72A /* Pods_FreshFishStore.framework in Frameworks */,
			);
			runOnlyForDeploymentPostprocessing = 0;
		};
/* End PBXFrameworksBuildPhase section */

/* Begin PBXGroup section */
		2BB55A930098E3207C044A91 /* Pods */ = {
			isa = PBXGroup;
			children = (
				A57896E17F7137EDCC9ADDFA /* Pods-FreshFishStore.debug.xcconfig */,
				2B7B6E782C655375C0F7BF3C /* Pods-FreshFishStore.release.xcconfig */,
			);
			name = Pods;
			sourceTree = "<group>";
		};
		7E91C5FD2191A923000B579D = {
			isa = PBXGroup;
			children = (
				7E91C6082191A923000B579D /* FreshFishStore */,
				7E91C6072191A923000B579D /* Products */,
				2BB55A930098E3207C044A91 /* Pods */,
				9E28BFDB9F58DC9515C089EE /* Frameworks */,
			);
			sourceTree = "<group>";
		};
		7E91C6072191A923000B579D /* Products */ = {
			isa = PBXGroup;
			children = (
				7E91C6062191A923000B579D /* FreshFishStore.app */,
			);
			name = Products;
			sourceTree = "<group>";
		};
		7E91C6082191A923000B579D /* FreshFishStore */ = {
			isa = PBXGroup;
			children = (
				7E91C6282191C472000B579D /* Apis Service */,
				7E91C6232191ACC9000B579D /* Extensions */,
				7E91C6202191AC2B000B579D /* Model */,
				7E91C61F2191AC25000B579D /* View */,
				7E91C61E2191AC20000B579D /* Controller */,
				7E91C6092191A923000B579D /* AppDelegate.swift */,
				7E91C60D2191A923000B579D /* Main.storyboard */,
				7E91C6132191A924000B579D /* Assets.xcassets */,
				7E91C6152191A924000B579D /* LaunchScreen.storyboard */,
				7E91C6182191A924000B579D /* Info.plist */,
			);
			path = FreshFishStore;
			sourceTree = "<group>";
		};
		7E91C61E2191AC20000B579D /* Controller */ = {
			isa = PBXGroup;
			children = (
				7E91C6382192645E000B579D /* Bill */,
				7E91C635219230FD000B579D /* Basket */,
				7E91C6302191D7C9000B579D /* All Fishes */,
				7E91C62F2191D7B4000B579D /* Home */,
			);
			path = Controller;
			sourceTree = "<group>";
		};
		7E91C61F2191AC25000B579D /* View */ = {
			isa = PBXGroup;
			children = (
				7E91C6212191AC38000B579D /* SliderCell.swift */,
				7E91C6312191D7DD000B579D /* FishCell.swift */,
				7E91C63B21926712000B579D /* BillCell.swift */,
			);
			path = View;
			sourceTree = "<group>";
		};
		7E91C6202191AC2B000B579D /* Model */ = {
			isa = PBXGroup;
			children = (
				7E91C62B2191C4A2000B579D /* Fish.swift */,
				7E91C6332192302F000B579D /* Bill.swift */,
			);
			path = Model;
			sourceTree = "<group>";
		};
		7E91C6232191ACC9000B579D /* Extensions */ = {
			isa = PBXGroup;
			children = (
				7E91C6242191AD1A000B579D /* UIView.swift */,
			);
			path = Extensions;
			sourceTree = "<group>";
		};
		7E91C6282191C472000B579D /* Apis Service */ = {
			isa = PBXGroup;
			children = (
				7E91C6292191C480000B579D /* ApiService.swift */,
			);
			path = "Apis Service";
			sourceTree = "<group>";
		};
		7E91C62F2191D7B4000B579D /* Home */ = {
			isa = PBXGroup;
			children = (
				7E91C60B2191A923000B579D /* HomeViewController.swift */,
				7E91C6262191BA57000B579D /* HomeViewController+CV.swift */,
			);
			path = Home;
			sourceTree = "<group>";
		};
		7E91C6302191D7C9000B579D /* All Fishes */ = {
			isa = PBXGroup;
			children = (
				7E91C62D2191D6EE000B579D /* FishViewController.swift */,
			);
			path = "All Fishes";
			sourceTree = "<group>";
		};
		7E91C635219230FD000B579D /* Basket */ = {
			isa = PBXGroup;
			children = (
				7E91C63621923107000B579D /* AddProduct.swift */,
			);
			path = Basket;
			sourceTree = "<group>";
		};
		7E91C6382192645E000B579D /* Bill */ = {
			isa = PBXGroup;
			children = (
				7E91C63921926467000B579D /* BillViewer.swift */,
			);
			path = Bill;
			sourceTree = "<group>";
		};
		9E28BFDB9F58DC9515C089EE /* Frameworks */ = {
			isa = PBXGroup;
			children = (
				AB09D973903D1EA2238B23B3 /* Pods_FreshFishStore.framework */,
			);
			name = Frameworks;
			sourceTree = "<group>";
		};
/* End PBXGroup section */

/* Begin PBXNativeTarget section */
		7E91C6052191A923000B579D /* FreshFishStore */ = {
			isa = PBXNativeTarget;
			buildConfigurationList = 7E91C61B2191A924000B579D /* Build configuration list for PBXNativeTarget "FreshFishStore" */;
			buildPhases = (
				7DBCDD137492E27C84536CAC /* [CP] Check Pods Manifest.lock */,
				7E91C6022191A923000B579D /* Sources */,
				7E91C6032191A923000B579D /* Frameworks */,
				7E91C6042191A923000B579D /* Resources */,
				74B06B07180116B5E284A29C /* [CP] Embed Pods Frameworks */,
			);
			buildRules = (
			);
			dependencies = (
			);
			name = FreshFishStore;
			productName = FreshFishStore;
			productReference = 7E91C6062191A923000B579D /* FreshFishStore.app */;
			productType = "com.apple.product-type.application";
		};
/* End PBXNativeTarget section */

/* Begin PBXProject section */
		7E91C5FE2191A923000B579D /* Project object */ = {
			isa = PBXProject;
			attributes = {
				LastSwiftUpdateCheck = 1000;
				LastUpgradeCheck = 1000;
				ORGANIZATIONNAME = "Sherif  Wagih";
				TargetAttributes = {
					7E91C6052191A923000B579D = {
						CreatedOnToolsVersion = 10.0;
					};
				};
			};
			buildConfigurationList = 7E91C6012191A923000B579D /* Build configuration list for PBXProject "FreshFishStore" */;
			compatibilityVersion = "Xcode 9.3";
			developmentRegion = en;
			hasScannedForEncodings = 0;
			knownRegions = (
				en,
				Base,
			);
			mainGroup = 7E91C5FD2191A923000B579D;
			productRefGroup = 7E91C6072191A923000B579D /* Products */;
			projectDirPath = "";
			projectRoot = "";
			targets = (
				7E91C6052191A923000B579D /* FreshFishStore */,
			);
		};
/* End PBXProject section */

/* Begin PBXResourcesBuildPhase section */
		7E91C6042191A923000B579D /* Resources */ = {
			isa = PBXResourcesBuildPhase;
			buildActionMask = 2147483647;
			files = (
				7E91C6172191A924000B579D /* LaunchScreen.storyboard in Resources */,
				7E91C6142191A924000B579D /* Assets.xcassets in Resources */,
				7E91C60F2191A923000B579D /* Main.storyboard in Resources */,
			);
			runOnlyForDeploymentPostprocessing = 0;
		};
/* End PBXResourcesBuildPhase section */

/* Begin PBXShellScriptBuildPhase section */
		74B06B07180116B5E284A29C /* [CP] Embed Pods Frameworks */ = {
			isa = PBXShellScriptBuildPhase;
			buildActionMask = 2147483647;
			files = (
			);
			inputPaths = (
				"${SRCROOT}/Pods/Target Support Files/Pods-FreshFishStore/Pods-FreshFishStore-frameworks.sh",
				"${BUILT_PRODUCTS_DIR}/Alamofire/Alamofire.framework",
				"${BUILT_PRODUCTS_DIR}/ProgressHUD/ProgressHUD.framework",
				"${BUILT_PRODUCTS_DIR}/SDWebImage/SDWebImage.framework",
			);
			name = "[CP] Embed Pods Frameworks";
			outputPaths = (
				"${TARGET_BUILD_DIR}/${FRAMEWORKS_FOLDER_PATH}/Alamofire.framework",
				"${TARGET_BUILD_DIR}/${FRAMEWORKS_FOLDER_PATH}/ProgressHUD.framework",
				"${TARGET_BUILD_DIR}/${FRAMEWORKS_FOLDER_PATH}/SDWebImage.framework",
			);
			runOnlyForDeploymentPostprocessing = 0;
			shellPath = /bin/sh;
			shellScript = "\"${SRCROOT}/Pods/Target Support Files/Pods-FreshFishStore/Pods-FreshFishStore-frameworks.sh\"\n";
			showEnvVarsInLog = 0;
		};
		7DBCDD137492E27C84536CAC /* [CP] Check Pods Manifest.lock */ = {
			isa = PBXShellScriptBuildPhase;
			buildActionMask = 2147483647;
			files = (
			);
			inputPaths = (
				"${PODS_PODFILE_DIR_PATH}/Podfile.lock",
				"${PODS_ROOT}/Manifest.lock",
			);
			name = "[CP] Check Pods Manifest.lock";
			outputPaths = (
				"$(DERIVED_FILE_DIR)/Pods-FreshFishStore-checkManifestLockResult.txt",
			);
			runOnlyForDeploymentPostprocessing = 0;
			shellPath = /bin/sh;
			shellScript = "diff \"${PODS_PODFILE_DIR_PATH}/Podfile.lock\" \"${PODS_ROOT}/Manifest.lock\" > /dev/null\nif [ $? != 0 ] ; then\n    # print error to STDERR\n    echo \"error: The sandbox is not in sync with the Podfile.lock. Run 'pod install' or update your CocoaPods installation.\" >&2\n    exit 1\nfi\n# This output is used by Xcode 'outputs' to avoid re-running this script phase.\necho \"SUCCESS\" > \"${SCRIPT_OUTPUT_FILE_0}\"\n";
			showEnvVarsInLog = 0;
		};
/* End PBXShellScriptBuildPhase section */

/* Begin PBXSourcesBuildPhase section */
		7E91C6022191A923000B579D /* Sources */ = {
			isa = PBXSourcesBuildPhase;
			buildActionMask = 2147483647;
			files = (
				7E91C6252191AD1A000B579D /* UIView.swift in Sources */,
				7E91C6342192302F000B579D /* Bill.swift in Sources */,
				7E91C6272191BA57000B579D /* HomeViewController+CV.swift in Sources */,
				7E91C62E2191D6EE000B579D /* FishViewController.swift in Sources */,
				7E91C60C2191A923000B579D /* HomeViewController.swift in Sources */,
				7E91C63A21926467000B579D /* BillViewer.swift in Sources */,
				7E91C6322191D7DD000B579D /* FishCell.swift in Sources */,
				7E91C6222191AC38000B579D /* SliderCell.swift in Sources */,
				7E91C62A2191C480000B579D /* ApiService.swift in Sources */,
				7E91C63721923107000B579D /* AddProduct.swift in Sources */,
				7E91C60A2191A923000B579D /* AppDelegate.swift in Sources */,
				7E91C63C21926712000B579D /* BillCell.swift in Sources */,
				7E91C62C2191C4A2000B579D /* Fish.swift in Sources */,
			);
			runOnlyForDeploymentPostprocessing = 0;
		};
/* End PBXSourcesBuildPhase section */

/* Begin PBXVariantGroup section */
		7E91C60D2191A923000B579D /* Main.storyboard */ = {
			isa = PBXVariantGroup;
			children = (
				7E91C60E2191A923000B579D /* Base */,
			);
			name = Main.storyboard;
			sourceTree = "<group>";
		};
		7E91C6152191A924000B579D /* LaunchScreen.storyboard */ = {
			isa = PBXVariantGroup;
			children = (
				7E91C6162191A924000B579D /* Base */,
			);
			name = LaunchScreen.storyboard;
			sourceTree = "<group>";
		};
/* End PBXVariantGroup section */

/* Begin XCBuildConfiguration section */
		7E91C6192191A924000B579D /* Debug */ = {
			isa = XCBuildConfiguration;
			buildSettings = {
				ALWAYS_SEARCH_USER_PATHS = NO;
				CLANG_ANALYZER_NONNULL = YES;
				CLANG_ANALYZER_NUMBER_OBJECT_CONVERSION = YES_AGGRESSIVE;
				CLANG_CXX_LANGUAGE_STANDARD = "gnu++14";
				CLANG_CXX_LIBRARY = "libc++";
				CLANG_ENABLE_MODULES = YES;
				CLANG_ENABLE_OBJC_ARC = YES;
				CLANG_ENABLE_OBJC_WEAK = YES;
				CLANG_WARN_BLOCK_CAPTURE_AUTORELEASING = YES;
				CLANG_WARN_BOOL_CONVERSION = YES;
				CLANG_WARN_COMMA = YES;
				CLANG_WARN_CONSTANT_CONVERSION = YES;
				CLANG_WARN_DEPRECATED_OBJC_IMPLEMENTATIONS = YES;
				CLANG_WARN_DIRECT_OBJC_ISA_USAGE = YES_ERROR;
				CLANG_WARN_DOCUMENTATION_COMMENTS = YES;
				CLANG_WARN_EMPTY_BODY = YES;
				CLANG_WARN_ENUM_CONVERSION = YES;
				CLANG_WARN_INFINITE_RECURSION = YES;
				CLANG_WARN_INT_CONVERSION = YES;
				CLANG_WARN_NON_LITERAL_NULL_CONVERSION = YES;
				CLANG_WARN_OBJC_IMPLICIT_RETAIN_SELF = YES;
				CLANG_WARN_OBJC_LITERAL_CONVERSION = YES;
				CLANG_WARN_OBJC_ROOT_CLASS = YES_ERROR;
				CLANG_WARN_RANGE_LOOP_ANALYSIS = YES;
				CLANG_WARN_STRICT_PROTOTYPES = YES;
				CLANG_WARN_SUSPICIOUS_MOVE = YES;
				CLANG_WARN_UNGUARDED_AVAILABILITY = YES_AGGRESSIVE;
				CLANG_WARN_UNREACHABLE_CODE = YES;
				CLANG_WARN__DUPLICATE_METHOD_MATCH = YES;
				CODE_SIGN_IDENTITY = "iPhone Developer";
				COPY_PHASE_STRIP = NO;
				DEBUG_INFORMATION_FORMAT = dwarf;
				ENABLE_STRICT_OBJC_MSGSEND = YES;
				ENABLE_TESTABILITY = YES;
				GCC_C_LANGUAGE_STANDARD = gnu11;
				GCC_DYNAMIC_NO_PIC = NO;
				GCC_NO_COMMON_BLOCKS = YES;
				GCC_OPTIMIZATION_LEVEL = 0;
				GCC_PREPROCESSOR_DEFINITIONS = (
					"DEBUG=1",
					"$(inherited)",
				);
				GCC_WARN_64_TO_32_BIT_CONVERSION = YES;
				GCC_WARN_ABOUT_RETURN_TYPE = YES_ERROR;
				GCC_WARN_UNDECLARED_SELECTOR = YES;
				GCC_WARN_UNINITIALIZED_AUTOS = YES_AGGRESSIVE;
				GCC_WARN_UNUSED_FUNCTION = YES;
				GCC_WARN_UNUSED_VARIABLE = YES;
				IPHONEOS_DEPLOYMENT_TARGET = 12.0;
				MTL_ENABLE_DEBUG_INFO = INCLUDE_SOURCE;
				MTL_FAST_MATH = YES;
				ONLY_ACTIVE_ARCH = YES;
				SDKROOT = iphoneos;
				SWIFT_ACTIVE_COMPILATION_CONDITIONS = DEBUG;
				SWIFT_OPTIMIZATION_LEVEL = "-Onone";
			};
			name = Debug;
		};
		7E91C61A2191A924000B579D /* Release */ = {
			isa = XCBuildConfiguration;
			buildSettings = {
				ALWAYS_SEARCH_USER_PATHS = NO;
				CLANG_ANALYZER_NONNULL = YES;
				CLANG_ANALYZER_NUMBER_OBJECT_CONVERSION = YES_AGGRESSIVE;
				CLANG_CXX_LANGUAGE_STANDARD = "gnu++14";
				CLANG_CXX_LIBRARY = "libc++";
				CLANG_ENABLE_MODULES = YES;
				CLANG_ENABLE_OBJC_ARC = YES;
				CLANG_ENABLE_OBJC_WEAK = YES;
				CLANG_WARN_BLOCK_CAPTURE_AUTORELEASING = YES;
				CLANG_WARN_BOOL_CONVERSION = YES;
				CLANG_WARN_COMMA = YES;
				CLANG_WARN_CONSTANT_CONVERSION = YES;
				CLANG_WARN_DEPRECATED_OBJC_IMPLEMENTATIONS = YES;
				CLANG_WARN_DIRECT_OBJC_ISA_USAGE = YES_ERROR;
				CLANG_WARN_DOCUMENTATION_COMMENTS = YES;
				CLANG_WARN_EMPTY_BODY = YES;
				CLANG_WARN_ENUM_CONVERSION = YES;
				CLANG_WARN_INFINITE_RECURSION = YES;
				CLANG_WARN_INT_CONVERSION = YES;
				CLANG_WARN_NON_LITERAL_NULL_CONVERSION = YES;
				CLANG_WARN_OBJC_IMPLICIT_RETAIN_SELF = YES;
				CLANG_WARN_OBJC_LITERAL_CONVERSION = YES;
				CLANG_WARN_OBJC_ROOT_CLASS = YES_ERROR;
				CLANG_WARN_RANGE_LOOP_ANALYSIS = YES;
				CLANG_WARN_STRICT_PROTOTYPES = YES;
				CLANG_WARN_SUSPICIOUS_MOVE = YES;
				CLANG_WARN_UNGUARDED_AVAILABILITY = YES_AGGRESSIVE;
				CLANG_WARN_UNREACHABLE_CODE = YES;
				CLANG_WARN__DUPLICATE_METHOD_MATCH = YES;
				CODE_SIGN_IDENTITY = "iPhone Developer";
				COPY_PHASE_STRIP = NO;
				DEBUG_INFORMATION_FORMAT = "dwarf-with-dsym";
				ENABLE_NS_ASSERTIONS = NO;
				ENABLE_STRICT_OBJC_MSGSEND = YES;
				GCC_C_LANGUAGE_STANDARD = gnu11;
				GCC_NO_COMMON_BLOCKS = YES;
				GCC_WARN_64_TO_32_BIT_CONVERSION = YES;
				GCC_WARN_ABOUT_RETURN_TYPE = YES_ERROR;
				GCC_WARN_UNDECLARED_SELECTOR = YES;
				GCC_WARN_UNINITIALIZED_AUTOS = YES_AGGRESSIVE;
				GCC_WARN_UNUSED_FUNCTION = YES;
				GCC_WARN_UNUSED_VARIABLE = YES;
				IPHONEOS_DEPLOYMENT_TARGET = 12.0;
				MTL_ENABLE_DEBUG_INFO = NO;
				MTL_FAST_MATH = YES;
				SDKROOT = iphoneos;
				SWIFT_COMPILATION_MODE = wholemodule;
				SWIFT_OPTIMIZATION_LEVEL = "-O";
				VALIDATE_PRODUCT = YES;
			};
			name = Release;
		};
		7E91C61C2191A924000B579D /* Debug */ = {
			isa = XCBuildConfiguration;
			baseConfigurationReference = A57896E17F7137EDCC9ADDFA /* Pods-FreshFishStore.debug.xcconfig */;
			buildSettings = {
				ASSETCATALOG_COMPILER_APPICON_NAME = AppIcon;
				CODE_SIGN_IDENTITY = "iPhone Developer";
				CODE_SIGN_STYLE = Automatic;
				DEVELOPMENT_TEAM = 968U57PY3R;
				INFOPLIST_FILE = FreshFishStore/Info.plist;
				LD_RUNPATH_SEARCH_PATHS = (
					"$(inherited)",
					"@executable_path/Frameworks",
				);
				PRODUCT_BUNDLE_IDENTIFIER = com.freshfish;
				PRODUCT_NAME = "$(TARGET_NAME)";
				PROVISIONING_PROFILE_SPECIFIER = "";
				SWIFT_VERSION = 4.2;
				TARGETED_DEVICE_FAMILY = 1;
			};
			name = Debug;
		};
		7E91C61D2191A924000B579D /* Release */ = {
			isa = XCBuildConfiguration;
			baseConfigurationReference = 2B7B6E782C655375C0F7BF3C /* Pods-FreshFishStore.release.xcconfig */;
			buildSettings = {
				ASSETCATALOG_COMPILER_APPICON_NAME = AppIcon;
				CODE_SIGN_IDENTITY = "iPhone Developer";
				CODE_SIGN_STYLE = Automatic;
				DEVELOPMENT_TEAM = 968U57PY3R;
				INFOPLIST_FILE = FreshFishStore/Info.plist;
				LD_RUNPATH_SEARCH_PATHS = (
					"$(inherited)",
					"@executable_path/Frameworks",
				);
				PRODUCT_BUNDLE_IDENTIFIER = com.freshfish;
				PRODUCT_NAME = "$(TARGET_NAME)";
				PROVISIONING_PROFILE_SPECIFIER = "";
				SWIFT_VERSION = 4.2;
				TARGETED_DEVICE_FAMILY = 1;
			};
			name = Release;
		};
/* End XCBuildConfiguration section */

/* Begin XCConfigurationList section */
		7E91C6012191A923000B579D /* Build configuration list for PBXProject "FreshFishStore" */ = {
			isa = XCConfigurationList;
			buildConfigurations = (
				7E91C6192191A924000B579D /* Debug */,
				7E91C61A2191A924000B579D /* Release */,
			);
			defaultConfigurationIsVisible = 0;
			defaultConfigurationName = Release;
		};
		7E91C61B2191A924000B579D /* Build configuration list for PBXNativeTarget "FreshFishStore" */ = {
			isa = XCConfigurationList;
			buildConfigurations = (
				7E91C61C2191A924000B579D /* Debug */,
				7E91C61D2191A924000B579D /* Release */,
			);
			defaultConfigurationIsVisible = 0;
			defaultConfigurationName = Release;
		};
/* End XCConfigurationList section */
	};
	rootObject = 7E91C5FE2191A923000B579D /* Project object */;
}
